{
  "version": "4",
  "specifiers": {
    "jsr:@std/assert@*": "1.0.12",
    "jsr:@std/assert@1": "1.0.13",
    "jsr:@std/assert@^1.0.12": "1.0.13",
    "jsr:@std/data-structures@^1.0.6": "1.0.6",
    "jsr:@std/fs@^1.0.16": "1.0.16",
    "jsr:@std/internal@^1.0.6": "1.0.6",
    "jsr:@std/path@^1.0.8": "1.0.8",
    "jsr:@std/testing@*": "1.0.11",
    "jsr:@std/testing@^1.0.11": "1.0.11",
    "npm:hono@^4.7.7": "4.7.7",
    "npm:lodash@^4.17.21": "4.17.21"
  },
  "jsr": {
    "@std/assert@1.0.12": {
      "integrity": "08009f0926dda9cbd8bef3a35d3b6a4b964b0ab5c3e140a4e0351fbf34af5b9a",
      "dependencies": [
        "jsr:@std/internal"
      ]
    },
    "@std/assert@1.0.13": {
      "integrity": "ae0d31e41919b12c656c742b22522c32fb26ed0cba32975cb0de2a273cb68b29",
      "dependencies": [
        "jsr:@std/internal"
      ]
    },
    "@std/data-structures@1.0.6": {
      "integrity": "76a7fd8080c66604c0496220a791860492ab21a04a63a969c0b9a0609bbbb760"
    },
    "@std/fs@1.0.16": {
      "integrity": "81878f62b6eeda0bf546197fc3daa5327c132fee1273f6113f940784a468b036",
      "dependencies": [
        "jsr:@std/path"
      ]
    },
    "@std/internal@1.0.6": {
      "integrity": "9533b128f230f73bd209408bb07a4b12f8d4255ab2a4d22a1fd6d87304aca9a4"
    },
    "@std/path@1.0.8": {
      "integrity": "548fa456bb6a04d3c1a1e7477986b6cffbce95102d0bb447c67c4ee70e0364be"
    },
    "@std/testing@1.0.11": {
      "integrity": "12b3db12d34f0f385a26248933bde766c0f8c5ad8b6ab34d4d38f528ab852f48",
      "dependencies": [
        "jsr:@std/assert@^1.0.12",
        "jsr:@std/data-structures",
        "jsr:@std/fs",
        "jsr:@std/internal",
        "jsr:@std/path"
      ]
    }
  },
  "npm": {
    "hono@4.7.7": {
      "integrity": "sha512-2PCpQRbN87Crty8/L/7akZN3UyZIAopSoRxCwRbJgUuV1+MHNFHzYFxZTg4v/03cXUm+jce/qa2VSBZpKBm3Qw=="
    },
    "lodash@4.17.21": {
      "integrity": "sha512-v2kDEe57lecTulaDIuNTPy3Ry4gLGJ6Z1O3vE1krgXZNrsQ+LFTGHVxVjcXPs17LhbZVGedAJv8XZ1tvj5FvSg=="
    }
  },
  "redirects": {
    "https://esm.sh/@types/graphlib@~2.1.12/index.d.ts": "https://esm.sh/@types/graphlib@2.1.12/index.d.ts",
    "https://esm.sh/@types/lodash@~4.17.14/clone.d.ts": "https://esm.sh/@types/lodash@4.17.16/clone.d.ts",
    "https://esm.sh/@types/lodash@~4.17.14/constant.d.ts": "https://esm.sh/@types/lodash@4.17.16/constant.d.ts",
    "https://esm.sh/@types/lodash@~4.17.14/each.d.ts": "https://esm.sh/@types/lodash@4.17.16/each.d.ts",
    "https://esm.sh/@types/lodash@~4.17.14/filter.d.ts": "https://esm.sh/@types/lodash@4.17.16/filter.d.ts",
    "https://esm.sh/@types/lodash@~4.17.14/has.d.ts": "https://esm.sh/@types/lodash@4.17.16/has.d.ts",
    "https://esm.sh/@types/lodash@~4.17.14/isArray.d.ts": "https://esm.sh/@types/lodash@4.17.16/isArray.d.ts",
    "https://esm.sh/@types/lodash@~4.17.14/isEmpty.d.ts": "https://esm.sh/@types/lodash@4.17.16/isEmpty.d.ts",
    "https://esm.sh/@types/lodash@~4.17.14/isFunction.d.ts": "https://esm.sh/@types/lodash@4.17.16/isFunction.d.ts",
    "https://esm.sh/@types/lodash@~4.17.14/isUndefined.d.ts": "https://esm.sh/@types/lodash@4.17.16/isUndefined.d.ts",
    "https://esm.sh/@types/lodash@~4.17.14/keys.d.ts": "https://esm.sh/@types/lodash@4.17.16/keys.d.ts",
    "https://esm.sh/@types/lodash@~4.17.14/map.d.ts": "https://esm.sh/@types/lodash@4.17.16/map.d.ts",
    "https://esm.sh/@types/lodash@~4.17.14/reduce.d.ts": "https://esm.sh/@types/lodash@4.17.16/reduce.d.ts",
    "https://esm.sh/@types/lodash@~4.17.14/size.d.ts": "https://esm.sh/@types/lodash@4.17.16/size.d.ts",
    "https://esm.sh/@types/lodash@~4.17.14/transform.d.ts": "https://esm.sh/@types/lodash@4.17.16/transform.d.ts",
    "https://esm.sh/@types/lodash@~4.17.14/union.d.ts": "https://esm.sh/@types/lodash@4.17.16/union.d.ts",
    "https://esm.sh/@types/lodash@~4.17.14/values.d.ts": "https://esm.sh/@types/lodash@4.17.16/values.d.ts",
    "https://esm.sh/lodash@^4.17.15/clone?target=denonext": "https://esm.sh/lodash@4.17.21/clone?target=denonext",
    "https://esm.sh/lodash@^4.17.15/constant?target=denonext": "https://esm.sh/lodash@4.17.21/constant?target=denonext",
    "https://esm.sh/lodash@^4.17.15/each?target=denonext": "https://esm.sh/lodash@4.17.21/each?target=denonext",
    "https://esm.sh/lodash@^4.17.15/filter?target=denonext": "https://esm.sh/lodash@4.17.21/filter?target=denonext",
    "https://esm.sh/lodash@^4.17.15/has?target=denonext": "https://esm.sh/lodash@4.17.21/has?target=denonext",
    "https://esm.sh/lodash@^4.17.15/isArray?target=denonext": "https://esm.sh/lodash@4.17.21/isArray?target=denonext",
    "https://esm.sh/lodash@^4.17.15/isEmpty?target=denonext": "https://esm.sh/lodash@4.17.21/isEmpty?target=denonext",
    "https://esm.sh/lodash@^4.17.15/isFunction?target=denonext": "https://esm.sh/lodash@4.17.21/isFunction?target=denonext",
    "https://esm.sh/lodash@^4.17.15/isUndefined?target=denonext": "https://esm.sh/lodash@4.17.21/isUndefined?target=denonext",
    "https://esm.sh/lodash@^4.17.15/keys?target=denonext": "https://esm.sh/lodash@4.17.21/keys?target=denonext",
    "https://esm.sh/lodash@^4.17.15/map?target=denonext": "https://esm.sh/lodash@4.17.21/map?target=denonext",
    "https://esm.sh/lodash@^4.17.15/reduce?target=denonext": "https://esm.sh/lodash@4.17.21/reduce?target=denonext",
    "https://esm.sh/lodash@^4.17.15/size?target=denonext": "https://esm.sh/lodash@4.17.21/size?target=denonext",
    "https://esm.sh/lodash@^4.17.15/transform?target=denonext": "https://esm.sh/lodash@4.17.21/transform?target=denonext",
    "https://esm.sh/lodash@^4.17.15/union?target=denonext": "https://esm.sh/lodash@4.17.21/union?target=denonext",
    "https://esm.sh/lodash@^4.17.15/values?target=denonext": "https://esm.sh/lodash@4.17.21/values?target=denonext"
  },
  "remote": {
    "https://cdn.skypack.dev/-/lodash@v4.17.21-K6GEbP02mWFnLA45zAmi/dist=es2019,mode=imports/optimized/lodash.js": "10c4df47937ffc78548d136dd535a021df5f57182a653260d715c0690dd22978",
    "https://cdn.skypack.dev/lodash": "8280de0b3efd87f06ea0eb330d15b8de32c059556023b8c6524e9eb9e4844dc0",
    "https://esm.sh/graphlib@2.1.8": "8a14a1824e970b235c0666e42532d1607419ea403f095633869fda2267921b18",
    "https://esm.sh/graphlib@2.1.8/denonext/graphlib.mjs": "ca8e0392a51d93ddf8479eff4ae53dd26fb10516ea3158c67d0551a999963e2f",
    "https://esm.sh/lodash@4.17.21/clone?target=denonext": "75b97cdbd62352dd0fb9ddb203b75aa7e4aaf59f80103721554ca800fca0aa1b",
    "https://esm.sh/lodash@4.17.21/constant?target=denonext": "2084d8e8d3431d6715ccf665552bbaf4758422dd46cfa3f9d85f5bf158b15e68",
    "https://esm.sh/lodash@4.17.21/denonext/clone.mjs": "04f77902322eda3f34ea3f7589a255b0592cdfbcc0540d555c3b13f1c475f53a",
    "https://esm.sh/lodash@4.17.21/denonext/constant.mjs": "1602350c3eb0f614b94f28791de5324f4b54eb23fd8b92529606ec6988a2475a",
    "https://esm.sh/lodash@4.17.21/denonext/each.mjs": "072a56296108646fa4972fe48d7cc563d4f3a145d6bab3a588e9333f745c05bc",
    "https://esm.sh/lodash@4.17.21/denonext/filter.mjs": "a1c7f113ad638b036c359cdc3a510771927ca2b8f136d252cbec87c8721e7c8a",
    "https://esm.sh/lodash@4.17.21/denonext/has.mjs": "d1d8b4286d0dba2f38b35cd2224b0072d034b44acd782781b6c63de91a2ae7c4",
    "https://esm.sh/lodash@4.17.21/denonext/isArray.mjs": "3efcf40d2d01ee9d4bdb5414f0a81db29a4df3f3ef71263fed1a985d8f814682",
    "https://esm.sh/lodash@4.17.21/denonext/isEmpty.mjs": "d7a7e2f89e92d9dbc2807b6e32527f25bc3e74c1c3c1c6c7c2456f02e6180e91",
    "https://esm.sh/lodash@4.17.21/denonext/isFunction.mjs": "1fc7de55b6c4c21da2c1c194e674da102acde848ad00f67ef816665e572a4b50",
    "https://esm.sh/lodash@4.17.21/denonext/isUndefined.mjs": "878ebc2831628404c5e48b55df7c59ee094bfce3501f7198985f80cfba957f86",
    "https://esm.sh/lodash@4.17.21/denonext/keys.mjs": "15bfcbf606f9630025f63103ae6d552cf7919fc638658279b4a80b6499809ddc",
    "https://esm.sh/lodash@4.17.21/denonext/map.mjs": "0730dad88531ea8c9be28040079d4b7e8ef49f6f33fb52ff0ca5aa0e6dbbc0ce",
    "https://esm.sh/lodash@4.17.21/denonext/reduce.mjs": "049a76130426f746e98d5751d203106573e5e02e8190a8adf2db7ec8be69b449",
    "https://esm.sh/lodash@4.17.21/denonext/size.mjs": "5bcf6092a5830788fe0c876158fb18bf6dc60af2a6b8d25438ab2f1409b4b328",
    "https://esm.sh/lodash@4.17.21/denonext/transform.mjs": "9d7f177da476fbfb5e5a0218483633024ede9128d4687909bc9e8b39cfe172ac",
    "https://esm.sh/lodash@4.17.21/denonext/union.mjs": "9dff457686e2eb68965ddf127aad8ca118691efd154958e16dd78ab57eeafeee",
    "https://esm.sh/lodash@4.17.21/denonext/values.mjs": "0b084480c1690998c7964e6be042d8d11291520336cf3880b43c876b90106ad9",
    "https://esm.sh/lodash@4.17.21/each?target=denonext": "ec63ba613c605a7642655d0ae1ad947ebbc74e56b3687d409707b64861d17249",
    "https://esm.sh/lodash@4.17.21/filter?target=denonext": "b742b9c060ffe4d48b7d877202be32fa6c9569610b7b94489f7f3359e4c682de",
    "https://esm.sh/lodash@4.17.21/has?target=denonext": "6a0f315f9fcfdfa484eff635f39db20c9d72c25cb11452a85488a2a0a6f549bb",
    "https://esm.sh/lodash@4.17.21/isArray?target=denonext": "b7cf0ae3525789f079bf22d6ec17695526443181d7d3e77a9b292e2c146af569",
    "https://esm.sh/lodash@4.17.21/isEmpty?target=denonext": "b1ef847ffcbdfc75425d029fc5ed7ea74b2e87122136e476e7a7b9119aa78a59",
    "https://esm.sh/lodash@4.17.21/isFunction?target=denonext": "e17b97df32e126401c056dac95b045391e91341cf83f0d2b676a26ff93f5fe2f",
    "https://esm.sh/lodash@4.17.21/isUndefined?target=denonext": "c558b9e7ce8ffb48a053f3375c89d58d876fa7d35b5afc0c3b6963977cdf619f",
    "https://esm.sh/lodash@4.17.21/keys?target=denonext": "cf17666bcef1d956f060a964c6fb98637d0d043a4360ee27d0e6d2286374def9",
    "https://esm.sh/lodash@4.17.21/map?target=denonext": "dca0b4d5e108240eeea0bf44e16862fcd745a3ebb0f55e9f085da8724d174cd0",
    "https://esm.sh/lodash@4.17.21/reduce?target=denonext": "5a479ee6f2e2ad94d9605828336b46bae1e2812c3fb05e4156af0ca069591b09",
    "https://esm.sh/lodash@4.17.21/size?target=denonext": "4438b804ee35088a867b2d818b4a32a1635f1206471bcff6e8014f77e5f4a84e",
    "https://esm.sh/lodash@4.17.21/transform?target=denonext": "520b1e4c3cd97e5bc032fb0d5a6750919acae8f9441303f29727c0977af3559f",
    "https://esm.sh/lodash@4.17.21/union?target=denonext": "1fd8977ab50a24da255bfb4c0e01045939fd4429529b66b1614b5c56a57d9af9",
    "https://esm.sh/lodash@4.17.21/values?target=denonext": "0ce1ca5c349359402089940c13cb23a541e3bef6ad574ad93460d8a3c6a1754e"
  },
  "workspace": {
    "dependencies": [
      "jsr:@std/assert@1",
      "jsr:@std/testing@^1.0.11",
      "npm:hono@^4.7.7",
      "npm:lodash@^4.17.21"
    ]
  }
}
