{
  "version": "5",
  "specifiers": {
    "npm:hono@^4.11.4": "4.11.4",
    "npm:lodash@^4.17.21": "4.17.21"
  },
  "npm": {
    "hono@4.11.4": {
      "integrity": "sha512-U7tt8JsyrxSRKspfhtLET79pU8K+tInj5QZXs1jSugO1Vq5dFj3kmZsRldo29mTBfcjDRVRXrEZ6LS63Cog9ZA=="
    },
    "lodash@4.17.21": {
      "integrity": "sha512-v2kDEe57lecTulaDIuNTPy3Ry4gLGJ6Z1O3vE1krgXZNrsQ+LFTGHVxVjcXPs17LhbZVGedAJv8XZ1tvj5FvSg=="
    }
  },
  "redirects": {
    "https://esm.sh/lodash@^4.17.15/clone?target=denonext": "https://esm.sh/lodash@4.17.21/clone?target=denonext",
    "https://esm.sh/lodash@^4.17.15/constant?target=denonext": "https://esm.sh/lodash@4.17.21/constant?target=denonext",
    "https://esm.sh/lodash@^4.17.15/each?target=denonext": "https://esm.sh/lodash@4.17.21/each?target=denonext",
    "https://esm.sh/lodash@^4.17.15/filter?target=denonext": "https://esm.sh/lodash@4.17.21/filter?target=denonext",
    "https://esm.sh/lodash@^4.17.15/has?target=denonext": "https://esm.sh/lodash@4.17.21/has?target=denonext",
    "https://esm.sh/lodash@^4.17.15/isArray?target=denonext": "https://esm.sh/lodash@4.17.21/isArray?target=denonext",
    "https://esm.sh/lodash@^4.17.15/isEmpty?target=denonext": "https://esm.sh/lodash@4.17.21/isEmpty?target=denonext",
    "https://esm.sh/lodash@^4.17.15/isFunction?target=denonext": "https://esm.sh/lodash@4.17.21/isFunction?target=denonext",
    "https://esm.sh/lodash@^4.17.15/isUndefined?target=denonext": "https://esm.sh/lodash@4.17.21/isUndefined?target=denonext",
    "https://esm.sh/lodash@^4.17.15/keys?target=denonext": "https://esm.sh/lodash@4.17.21/keys?target=denonext",
    "https://esm.sh/lodash@^4.17.15/map?target=denonext": "https://esm.sh/lodash@4.17.21/map?target=denonext",
    "https://esm.sh/lodash@^4.17.15/reduce?target=denonext": "https://esm.sh/lodash@4.17.21/reduce?target=denonext",
    "https://esm.sh/lodash@^4.17.15/size?target=denonext": "https://esm.sh/lodash@4.17.21/size?target=denonext",
    "https://esm.sh/lodash@^4.17.15/transform?target=denonext": "https://esm.sh/lodash@4.17.21/transform?target=denonext",
    "https://esm.sh/lodash@^4.17.15/union?target=denonext": "https://esm.sh/lodash@4.17.21/union?target=denonext",
    "https://esm.sh/lodash@^4.17.15/values?target=denonext": "https://esm.sh/lodash@4.17.21/values?target=denonext"
  },
  "remote": {
    "https://cdn.skypack.dev/-/lodash@v4.17.21-Nu3N9b7agjt3Q6ZuOQVe/dist=es2019,mode=imports/optimized/lodash.js": "10c4df47937ffc78548d136dd535a021df5f57182a653260d715c0690dd22978",
    "https://cdn.skypack.dev/lodash": "292f02ab67c095ea852fbe9973f6b471747ef41f3b38c2082ce8b1968bcb47bd",
    "https://esm.sh/graphlib@2.1.8": "8a14a1824e970b235c0666e42532d1607419ea403f095633869fda2267921b18",
    "https://esm.sh/graphlib@2.1.8/denonext/graphlib.mjs": "ca8e0392a51d93ddf8479eff4ae53dd26fb10516ea3158c67d0551a999963e2f",
    "https://esm.sh/lodash@4.17.21/clone?target=denonext": "75b97cdbd62352dd0fb9ddb203b75aa7e4aaf59f80103721554ca800fca0aa1b",
    "https://esm.sh/lodash@4.17.21/constant?target=denonext": "2084d8e8d3431d6715ccf665552bbaf4758422dd46cfa3f9d85f5bf158b15e68",
    "https://esm.sh/lodash@4.17.21/denonext/clone.mjs": "ce7f3728e1f9b4afd31e3c9a55c13345bb52c736f059edaf632b2cd4c91e5c17",
    "https://esm.sh/lodash@4.17.21/denonext/constant.mjs": "1602350c3eb0f614b94f28791de5324f4b54eb23fd8b92529606ec6988a2475a",
    "https://esm.sh/lodash@4.17.21/denonext/each.mjs": "823c79334a5b39d37c8abfeacfb56a6f34b4936fcc8dc879f7088109ef22cde3",
    "https://esm.sh/lodash@4.17.21/denonext/filter.mjs": "15d250e2919162a993bb551070ecdfab06b071bb659ff3d4ead40c9f751421d9",
    "https://esm.sh/lodash@4.17.21/denonext/has.mjs": "379ed0fb6f91a3b12a817b76bfd3ddc1b8c20df3165fe7b63bdb9e264cc55367",
    "https://esm.sh/lodash@4.17.21/denonext/isArray.mjs": "3efcf40d2d01ee9d4bdb5414f0a81db29a4df3f3ef71263fed1a985d8f814682",
    "https://esm.sh/lodash@4.17.21/denonext/isEmpty.mjs": "1bf4227b38c3f0c6a16e188427f76cedcb6a76f32f044e8cb699a0d1a3786dd7",
    "https://esm.sh/lodash@4.17.21/denonext/isFunction.mjs": "1fc7de55b6c4c21da2c1c194e674da102acde848ad00f67ef816665e572a4b50",
    "https://esm.sh/lodash@4.17.21/denonext/isUndefined.mjs": "878ebc2831628404c5e48b55df7c59ee094bfce3501f7198985f80cfba957f86",
    "https://esm.sh/lodash@4.17.21/denonext/keys.mjs": "a7537cdc2a7b413f3b1accb15481be28c0b10e49ef6f1941bb9668db28dba50e",
    "https://esm.sh/lodash@4.17.21/denonext/map.mjs": "964fac9ea2735662494d0f0d21c266b3ce222b926c3b1b8ff20b6197bde75d97",
    "https://esm.sh/lodash@4.17.21/denonext/reduce.mjs": "7f21d7f0384dc5026e978dffec464fc921d023579ac23004139964178bfffb10",
    "https://esm.sh/lodash@4.17.21/denonext/size.mjs": "ec4608c322a6cbacbaa5a25f65c9f6083e3727f90d3656242bcc19980c82a367",
    "https://esm.sh/lodash@4.17.21/denonext/transform.mjs": "201ac13de1f874c331d0cd84e19f6fc6a4e923ed1dbfc95ec04c6dc20101bf84",
    "https://esm.sh/lodash@4.17.21/denonext/union.mjs": "b882bbb7ce13d11c70ee9664f90cc6032ed64f9b411f2c9f01b494622a2c2559",
    "https://esm.sh/lodash@4.17.21/denonext/values.mjs": "fe9375b214a2950c360821823590f398270d4fd46967183f2172e5295787935a",
    "https://esm.sh/lodash@4.17.21/each?target=denonext": "ec63ba613c605a7642655d0ae1ad947ebbc74e56b3687d409707b64861d17249",
    "https://esm.sh/lodash@4.17.21/filter?target=denonext": "b742b9c060ffe4d48b7d877202be32fa6c9569610b7b94489f7f3359e4c682de",
    "https://esm.sh/lodash@4.17.21/has?target=denonext": "6a0f315f9fcfdfa484eff635f39db20c9d72c25cb11452a85488a2a0a6f549bb",
    "https://esm.sh/lodash@4.17.21/isArray?target=denonext": "b7cf0ae3525789f079bf22d6ec17695526443181d7d3e77a9b292e2c146af569",
    "https://esm.sh/lodash@4.17.21/isEmpty?target=denonext": "b1ef847ffcbdfc75425d029fc5ed7ea74b2e87122136e476e7a7b9119aa78a59",
    "https://esm.sh/lodash@4.17.21/isFunction?target=denonext": "e17b97df32e126401c056dac95b045391e91341cf83f0d2b676a26ff93f5fe2f",
    "https://esm.sh/lodash@4.17.21/isUndefined?target=denonext": "c558b9e7ce8ffb48a053f3375c89d58d876fa7d35b5afc0c3b6963977cdf619f",
    "https://esm.sh/lodash@4.17.21/keys?target=denonext": "cf17666bcef1d956f060a964c6fb98637d0d043a4360ee27d0e6d2286374def9",
    "https://esm.sh/lodash@4.17.21/map?target=denonext": "dca0b4d5e108240eeea0bf44e16862fcd745a3ebb0f55e9f085da8724d174cd0",
    "https://esm.sh/lodash@4.17.21/reduce?target=denonext": "5a479ee6f2e2ad94d9605828336b46bae1e2812c3fb05e4156af0ca069591b09",
    "https://esm.sh/lodash@4.17.21/size?target=denonext": "4438b804ee35088a867b2d818b4a32a1635f1206471bcff6e8014f77e5f4a84e",
    "https://esm.sh/lodash@4.17.21/transform?target=denonext": "520b1e4c3cd97e5bc032fb0d5a6750919acae8f9441303f29727c0977af3559f",
    "https://esm.sh/lodash@4.17.21/union?target=denonext": "1fd8977ab50a24da255bfb4c0e01045939fd4429529b66b1614b5c56a57d9af9",
    "https://esm.sh/lodash@4.17.21/values?target=denonext": "0ce1ca5c349359402089940c13cb23a541e3bef6ad574ad93460d8a3c6a1754e"
  },
  "workspace": {
    "dependencies": [
      "jsr:@std/assert@^1.0.16",
      "jsr:@std/testing@^1.0.16",
      "npm:hono@^4.11.4",
      "npm:lodash@^4.17.21"
    ]
  }
}
